// !$*UTF8*$!
{
	archiveVersion = 1;
	classes = {
	};
	objectVersion = 46;
	objects = {

/* Begin PBXBuildFile section */
		CE7C78F516363F79007C5D1F /* UIKit.framework in Frameworks */ = {isa = PBXBuildFile; fileRef = CE7C78F416363F79007C5D1F /* UIKit.framework */; };
		CE7C78F716363F79007C5D1F /* Foundation.framework in Frameworks */ = {isa = PBXBuildFile; fileRef = CE7C78F616363F79007C5D1F /* Foundation.framework */; };
		CE7C78F916363F79007C5D1F /* CoreGraphics.framework in Frameworks */ = {isa = PBXBuildFile; fileRef = CE7C78F816363F79007C5D1F /* CoreGraphics.framework */; };
		CE7C78FF16363F79007C5D1F /* InfoPlist.strings in Resources */ = {isa = PBXBuildFile; fileRef = CE7C78FD16363F79007C5D1F /* InfoPlist.strings */; };
		CE7C790116363F79007C5D1F /* main.m in Sources */ = {isa = PBXBuildFile; fileRef = CE7C790016363F79007C5D1F /* main.m */; };
		CE7C790516363F79007C5D1F /* AppDelegate.m in Sources */ = {isa = PBXBuildFile; fileRef = CE7C790416363F79007C5D1F /* AppDelegate.m */; };
		CE7C790816363F79007C5D1F /* MainStoryboard.storyboard in Resources */ = {isa = PBXBuildFile; fileRef = CE7C790616363F79007C5D1F /* MainStoryboard.storyboard */; };
		CE7C790B16363F79007C5D1F /* ViewController.m in Sources */ = {isa = PBXBuildFile; fileRef = CE7C790A16363F79007C5D1F /* ViewController.m */; };
/* End PBXBuildFile section */

/* Begin PBXFileReference section */
		CE7C78F016363F79007C5D1F /* 开心填字.app */ = {isa = PBXFileReference; explicitFileType = wrapper.application; includeInIndex = 0; path = "开心填字.app"; sourceTree = BUILT_PRODUCTS_DIR; };
		CE7C78F416363F79007C5D1F /* UIKit.framework */ = {isa = PBXFileReference; lastKnownFileType = wrapper.framework; name = UIKit.framework; path = System/Library/Frameworks/UIKit.framework; sourceTree = SDKROOT; };
		CE7C78F616363F79007C5D1F /* Foundation.framework */ = {isa = PBXFileReference; lastKnownFileType = wrapper.framework; name = Foundation.framework; path = System/Library/Frameworks/Foundation.framework; sourceTree = SDKROOT; };
		CE7C78F816363F79007C5D1F /* CoreGraphics.framework */ = {isa = PBXFileReference; lastKnownFileType = wrapper.framework; name = CoreGraphics.framework; path = System/Library/Frameworks/CoreGraphics.framework; sourceTree = SDKROOT; };
		CE7C78FC16363F79007C5D1F /* 开心填字-Info.plist */ = {isa = PBXFileReference; path = "开心填字-Info.plist"; sourceTree = "<group>"; };
		CE7C78FE16363F79007C5D1F /* en */ = {isa = PBXFileReference; lastKnownFileType = text.plist.strings; name = en; path = en.lproj/InfoPlist.strings; sourceTree = "<group>"; };
		CE7C790016363F79007C5D1F /* main.m */ = {isa = PBXFileReference; lastKnownFileType = sourcecode.c.objc; path = main.m; sourceTree = "<group>"; };
		CE7C790216363F79007C5D1F /* 开心填字-Prefix.pch */ = {isa = PBXFileReference; path = "开心填字-Prefix.pch"; sourceTree = "<group>"; };
		CE7C790316363F79007C5D1F /* AppDelegate.h */ = {isa = PBXFileReference; path = AppDelegate.h; sourceTree = "<group>"; };
		CE7C790416363F79007C5D1F /* AppDelegate.m */ = {isa = PBXFileReference; lastKnownFileType = sourcecode.c.objc; path = AppDelegate.m; sourceTree = "<group>"; };
		CE7C790716363F79007C5D1F /* en */ = {isa = PBXFileReference; lastKnownFileType = file.storyboard; name = en; path = en.lproj/MainStoryboard.storyboard; sourceTree = "<group>"; };
		CE7C790916363F79007C5D1F /* ViewController.h */ = {isa = PBXFileReference; path = ViewController.h; sourceTree = "<group>"; };
		CE7C790A16363F79007C5D1F /* ViewController.m */ = {isa = PBXFileReference; lastKnownFileType = sourcecode.c.objc; path = ViewController.m; sourceTree = "<group>"; };
/* End PBXFileReference section */

/* Begin PBXFrameworksBuildPhase section */
		CE7C78ED16363F79007C5D1F /* Frameworks */ = {
			isa = PBXFrameworksBuildPhase;
			buildActionMask = 2147483647;
			files = (
				CE7C78F516363F79007C5D1F /* UIKit.framework in Frameworks */,
				CE7C78F716363F79007C5D1F /* Foundation.framework in Frameworks */,
				CE7C78F916363F79007C5D1F /* CoreGraphics.framework in Frameworks */,
			);
			runOnlyForDeploymentPostprocessing = 0;
		};
/* End PBXFrameworksBuildPhase section */

/* Begin PBXGroup section */
		CE7C78E516363F79007C5D1F = {
			isa = PBXGroup;
			children = (
				CE7C78FA16363F79007C5D1F /* 开心填字 */,
				CE7C78F316363F79007C5D1F /* Frameworks */,
				CE7C78F116363F79007C5D1F /* Products */,
			);
			sourceTree = "<group>";
		};
		CE7C78F116363F79007C5D1F /* Products */ = {
			isa = PBXGroup;
			children = (
				CE7C78F016363F79007C5D1F /* 开心填字.app */,
			);
			name = Products;
			sourceTree = "<group>";
		};
		CE7C78F316363F79007C5D1F /* Frameworks */ = {
			isa = PBXGroup;
			children = (
				CE7C78F416363F79007C5D1F /* UIKit.framework */,
				CE7C78F616363F79007C5D1F /* Foundation.framework */,
				CE7C78F816363F79007C5D1F /* CoreGraphics.framework */,
			);
			name = Frameworks;
			sourceTree = "<group>";
		};
		CE7C78FA16363F79007C5D1F /* 开心填字 */ = {
			isa = PBXGroup;
			children = (
				CE7C790316363F79007C5D1F /* AppDelegate.h */,
				CE7C790416363F79007C5D1F /* AppDelegate.m */,
				CE7C790616363F79007C5D1F /* MainStoryboard.storyboard */,
				CE7C790916363F79007C5D1F /* ViewController.h */,
				CE7C790A16363F79007C5D1F /* ViewController.m */,
				CE7C78FB16363F79007C5D1F /* Supporting Files */,
			);
			path = "开心填字";
			sourceTree = "<group>";
		};
		CE7C78FB16363F79007C5D1F /* Supporting Files */ = {
			isa = PBXGroup;
			children = (
				CE7C78FC16363F79007C5D1F /* 开心填字-Info.plist */,
				CE7C78FD16363F79007C5D1F /* InfoPlist.strings */,
				CE7C790016363F79007C5D1F /* main.m */,
				CE7C790216363F79007C5D1F /* 开心填字-Prefix.pch */,
			);
			name = "Supporting Files";
			sourceTree = "<group>";
		};
/* End PBXGroup section */

/* Begin PBXNativeTarget section */
		CE7C78EF16363F79007C5D1F /* 开心填字 */ = {
			isa = PBXNativeTarget;
			buildConfigurationList = CE7C790E16363F79007C5D1F /* Build configuration list for PBXNativeTarget "开心填字" */;
			buildPhases = (
				CE7C78EC16363F79007C5D1F /* Sources */,
				CE7C78ED16363F79007C5D1F /* Frameworks */,
				CE7C78EE16363F79007C5D1F /* Resources */,
			);
			buildRules = (
			);
			dependencies = (
			);
			name = "开心填字";
			productName = "开心填字";
			productReference = CE7C78F016363F79007C5D1F /* 开心填字.app */;
			productType = "com.apple.product-type.application";
		};
/* End PBXNativeTarget section */

/* Begin PBXProject section */
		CE7C78E716363F79007C5D1F /* Project object */ = {
			isa = PBXProject;
			attributes = {
				LastUpgradeCheck = 0430;
			};
			buildConfigurationList = CE7C78EA16363F79007C5D1F /* Build configuration list for PBXProject "开心填字" */;
			compatibilityVersion = "Xcode 3.2";
			developmentRegion = English;
			hasScannedForEncodings = 0;
			knownRegions = (
				en,
			);
			mainGroup = CE7C78E516363F79007C5D1F;
			productRefGroup = CE7C78F116363F79007C5D1F /* Products */;
			projectDirPath = "";
			projectRoot = "";
			targets = (
				CE7C78EF16363F79007C5D1F /* 开心填字 */,
			);
		};
/* End PBXProject section */

/* Begin PBXResourcesBuildPhase section */
		CE7C78EE16363F79007C5D1F /* Resources */ = {
			isa = PBXResourcesBuildPhase;
			buildActionMask = 2147483647;
			files = (
				CE7C78FF16363F79007C5D1F /* InfoPlist.strings in Resources */,
				CE7C790816363F79007C5D1F /* MainStoryboard.storyboard in Resources */,
			);
			runOnlyForDeploymentPostprocessing = 0;
		};
/* End PBXResourcesBuildPhase section */

/* Begin PBXSourcesBuildPhase section */
		CE7C78EC16363F79007C5D1F /* Sources */ = {
			isa = PBXSourcesBuildPhase;
			buildActionMask = 2147483647;
			files = (
				CE7C790116363F79007C5D1F /* main.m in Sources */,
				CE7C790516363F79007C5D1F /* AppDelegate.m in Sources */,
				CE7C790B16363F79007C5D1F /* ViewController.m in Sources */,
			);
			runOnlyForDeploymentPostprocessing = 0;
		};
/* End PBXSourcesBuildPhase section */

/* Begin PBXVariantGroup section */
		CE7C78FD16363F79007C5D1F /* InfoPlist.strings */ = {
			isa = PBXVariantGroup;
			children = (
				CE7C78FE16363F79007C5D1F /* en */,
			);
			name = InfoPlist.strings;
			sourceTree = "<group>";
		};
		CE7C790616363F79007C5D1F /* MainStoryboard.storyboard */ = {
			isa = PBXVariantGroup;
			children = (
				CE7C790716363F79007C5D1F /* en */,
			);
			name = MainStoryboard.storyboard;
			sourceTree = "<group>";
		};
/* End PBXVariantGroup section */

/* Begin XCBuildConfiguration section */
		CE7C790C16363F79007C5D1F /* Debug */ = {
			isa = XCBuildConfiguration;
			buildSettings = {
				ALWAYS_SEARCH_USER_PATHS = NO;
				ARCHS = "$(ARCHS_STANDARD_32_BIT)";
				CLANG_ENABLE_OBJC_ARC = YES;
				"CODE_SIGN_IDENTITY[sdk=iphoneos*]" = "iPhone Developer";
				COPY_PHASE_STRIP = NO;
				GCC_C_LANGUAGE_STANDARD = gnu99;
				GCC_DYNAMIC_NO_PIC = NO;
				GCC_OPTIMIZATION_LEVEL = 0;
				GCC_PREPROCESSOR_DEFINITIONS = (
					"DEBUG=1",
					"$(inherited)",
				);
				GCC_SYMBOLS_PRIVATE_EXTERN = NO;
				GCC_VERSION = com.apple.compilers.llvm.clang.1_0;
				GCC_WARN_ABOUT_RETURN_TYPE = YES;
				GCC_WARN_UNINITIALIZED_AUTOS = YES;
				GCC_WARN_UNUSED_VARIABLE = YES;
				IPHONEOS_DEPLOYMENT_TARGET = 5.1;
				SDKROOT = iphoneos;
			};
			name = Debug;
		};
		CE7C790D16363F79007C5D1F /* Release */ = {
			isa = XCBuildConfiguration;
			buildSettings = {
				ALWAYS_SEARCH_USER_PATHS = NO;
				ARCHS = "$(ARCHS_STANDARD_32_BIT)";
				CLANG_ENABLE_OBJC_ARC = YES;
				"CODE_SIGN_IDENTITY[sdk=iphoneos*]" = "iPhone Developer";
				COPY_PHASE_STRIP = YES;
				GCC_C_LANGUAGE_STANDARD = gnu99;
				GCC_VERSION = com.apple.compilers.llvm.clang.1_0;
				GCC_WARN_ABOUT_RETURN_TYPE = YES;
				GCC_WARN_UNINITIALIZED_AUTOS = YES;
				GCC_WARN_UNUSED_VARIABLE = YES;
				IPHONEOS_DEPLOYMENT_TARGET = 5.1;
				OTHER_CFLAGS = "-DNS_BLOCK_ASSERTIONS=1";
				SDKROOT = iphoneos;
				VALIDATE_PRODUCT = YES;
			};
			name = Release;
		};
		CE7C790F16363F79007C5D1F /* Debug */ = {
			isa = XCBuildConfiguration;
			buildSettings = {
				GCC_PRECOMPILE_PREFIX_HEADER = YES;
				GCC_PREFIX_HEADER = "开心填字/开心填字-Prefix.pch";
				INFOPLIST_FILE = "开心填字/开心填字-Info.plist";
				PRODUCT_NAME = "$(TARGET_NAME)";
				WRAPPER_EXTENSION = app;
			};
			name = Debug;
		};
		CE7C791016363F79007C5D1F /* Release */ = {
			isa = XCBuildConfiguration;
			buildSettings = {
				GCC_PRECOMPILE_PREFIX_HEADER = YES;
				GCC_PREFIX_HEADER = "开心填字/开心填字-Prefix.pch";
				INFOPLIST_FILE = "开心填字/开心填字-Info.plist";
				PRODUCT_NAME = "$(TARGET_NAME)";
				WRAPPER_EXTENSION = app;
			};
			name = Release;
		};
/* End XCBuildConfiguration section */

/* Begin XCConfigurationList section */
		CE7C78EA16363F79007C5D1F /* Build configuration list for PBXProject "开心填字" */ = {
			isa = XCConfigurationList;
			buildConfigurations = (
				CE7C790C16363F79007C5D1F /* Debug */,
				CE7C790D16363F79007C5D1F /* Release */,
			);
			defaultConfigurationIsVisible = 0;
			defaultConfigurationName = Release;
		};
		CE7C790E16363F79007C5D1F /* Build configuration list for PBXNativeTarget "开心填字" */ = {
			isa = XCConfigurationList;
			buildConfigurations = (
				CE7C790F16363F79007C5D1F /* Debug */,
				CE7C791016363F79007C5D1F /* Release */,
			);
			defaultConfigurationIsVisible = 0;
		};
/* End XCConfigurationList section */
	};
	rootObject = CE7C78E716363F79007C5D1F /* Project object */;
}
